
Microsoft Visual Studio Solution File, Format Version 12.00
# Visual Studio Version 17
VisualStudioVersion = 17.3.32929.385
MinimumVisualStudioVersion = 10.0.40219.1
Project("{8BC9CEB8-8B4A-11D0-8D11-00A0C91BC942}") = "Unicode", "Unicode\Unicode.vcxproj", "{DA62C5A9-C647-400F-B2AD-F529B4C1025A}"
EndProject
Global
	GlobalSection(SolutionConfigurationPlatforms) = preSolution
		Debug|x64 = Debug|x64
		Debug|x86 = Debug|x86
		Release|x64 = Release|x64
		Release|x86 = Release|x86
	EndGlobalSection
	GlobalSection(ProjectConfigurationPlatforms) = postSolution
		{DA62C5A9-C647-400F-B2AD-F529B4C1025A}.Debug|x64.ActiveCfg = Debug|x64
		{DA62C5A9-C647-400F-B2AD-F529B4C1025A}.Debug|x64.Build.0 = Debug|x64
		{DA62C5A9-C647-400F-B2AD-F529B4C1025A}.Debug|x86.ActiveCfg = Debug|Win32
		{DA62C5A9-C647-400F-B2AD-F529B4C1025A}.Debug|x86.Build.0 = Debug|Win32
		{DA62C5A9-C647-400F-B2AD-F529B4C1025A}.Release|x64.ActiveCfg = Release|x64
		{DA62C5A9-C647-400F-B2AD-F529B4C1025A}.Release|x64.Build.0 = Release|x64
		{DA62C5A9-C647-400F-B2AD-F529B4C1025A}.Release|x86.ActiveCfg = Release|Win32
		{DA62C5A9-C647-400F-B2AD-F529B4C1025A}.Release|x86.Build.0 = Release|Win32
	EndGlobalSection
	GlobalSection(SolutionProperties) = preSolution
		HideSolutionNode = FALSE
	EndGlobalSection
	GlobalSection(ExtensibilityGlobals) = postSolution
		SolutionGuid = {255CC490-C090-47C5-95E9-9018634E4D90}
	EndGlobalSection
EndGlobal
